
Microsoft Visual Studio Solution File, Format Version 12.00
# Visual Studio 15
VisualStudioVersion = 15.0.28307.1738
MinimumVisualStudioVersion = 10.0.40219.1
Project("{FAE04EC0-301F-11D3-BF4B-00C04F79EFBC}") = "GSEnterprise", "GSEnterprise\GSEnterprise.csproj", "{51526038-9743-4357-95FC-F679C23847A2}"
EndProject
Global
	GlobalSection(SolutionConfigurationPlatforms) = preSolution
		Debug|Any CPU = Debug|Any CPU
		Release|Any CPU = Release|Any CPU
	EndGlobalSection
	GlobalSection(ProjectConfigurationPlatforms) = postSolution
		{51526038-9743-4357-95FC-F679C23847A2}.Debug|Any CPU.ActiveCfg = Debug|Any CPU
		{51526038-9743-4357-95FC-F679C23847A2}.Debug|Any CPU.Build.0 = Debug|Any CPU
		{51526038-9743-4357-95FC-F679C23847A2}.Release|Any CPU.ActiveCfg = Release|Any CPU
		{51526038-9743-4357-95FC-F679C23847A2}.Release|Any CPU.Build.0 = Release|Any CPU
	EndGlobalSection
	GlobalSection(SolutionProperties) = preSolution
		HideSolutionNode = FALSE
	EndGlobalSection
	GlobalSection(ExtensibilityGlobals) = postSolution
		SolutionGuid = {B1231AD2-2C8B-4093-AF02-9E1FD04D6859}
	EndGlobalSection
EndGlobal
